// !$*UTF8*$!
{
	archiveVersion = 1;
	classes = {
	};
	objectVersion = 54;
	objects = {

/* Begin PBXBuildFile section */
		00E356F31AD99517003FC87E /* mighzalTests.m in Sources */ = {isa = PBXBuildFile; fileRef = 00E356F21AD99517003FC87E /* mighzalTests.m */; };
		01236074BC70486FB4B1C46F /* Roboto-BoldItalic.ttf in Resources */ = {isa = PBXBuildFile; fileRef = F250F0C89AA64412B87336FC /* Roboto-BoldItalic.ttf */; };
		0C80B921A6F3F58F76C31292 /* libPods-mighzal.a in Frameworks */ = {isa = PBXBuildFile; fileRef = 5DCACB8F33CDC322A6C60F78 /* libPods-mighzal.a */; };
		0DD4139EDB0D47E99143B3FD /* Montserrat-BlackItalic.ttf in Resources */ = {isa = PBXBuildFile; fileRef = 3CB381F4B3C84D31AB681264 /* Montserrat-BlackItalic.ttf */; };
		1124997402EC4876B80BE8ED /* Montserrat-Black.ttf in Resources */ = {isa = PBXBuildFile; fileRef = 23374BB24C0E4CA2A0A185A2 /* Montserrat-Black.ttf */; };
		13B07FBC1A68108700A75B9A /* AppDelegate.mm in Sources */ = {isa = PBXBuildFile; fileRef = 13B07FB01A68108700A75B9A /* AppDelegate.mm */; };
		13B07FBF1A68108700A75B9A /* Images.xcassets in Resources */ = {isa = PBXBuildFile; fileRef = 13B07FB51A68108700A75B9A /* Images.xcassets */; };
		13B07FC11A68108700A75B9A /* main.m in Sources */ = {isa = PBXBuildFile; fileRef = 13B07FB71A68108700A75B9A /* main.m */; };
		1764078ED5EB4400A1E85A4D /* Montserrat-BoldItalic.ttf in Resources */ = {isa = PBXBuildFile; fileRef = 43F972424E9449EF97704DE1 /* Montserrat-BoldItalic.ttf */; };
		1FCACE53F8C741D3A2C24554 /* Roboto-MediumItalic.ttf in Resources */ = {isa = PBXBuildFile; fileRef = 3358C68DE04E4F4497BC9230 /* Roboto-MediumItalic.ttf */; };
		232B227C50294E8C96933F1A /* Montserrat-SemiBoldItalic.ttf in Resources */ = {isa = PBXBuildFile; fileRef = 087E7524B1624F9D9179AC62 /* Montserrat-SemiBoldItalic.ttf */; };
		25D83181EF3A49ED997027DF /* FontAwesome5_Brands.ttf in Resources */ = {isa = PBXBuildFile; fileRef = E392395708B248DDA9CAB8F3 /* FontAwesome5_Brands.ttf */; };
		2809642C2F0240228568C6BB /* Foundation.ttf in Resources */ = {isa = PBXBuildFile; fileRef = 7BA004CFA29B4A13AD56E840 /* Foundation.ttf */; };
		2AD8A6E690EE48DC9EEB53E3 /* Montserrat-ExtraBoldItalic.ttf in Resources */ = {isa = PBXBuildFile; fileRef = 25F3E322831E4D78865C5557 /* Montserrat-ExtraBoldItalic.ttf */; };
		31148886545B42C39B029D3B /* Roboto-Bold.ttf in Resources */ = {isa = PBXBuildFile; fileRef = 0FBDFFA430FA4F4CAC7DCB1D /* Roboto-Bold.ttf */; };
		3546604E48D248249BA7CA85 /* Roboto-Regular.ttf in Resources */ = {isa = PBXBuildFile; fileRef = 62CB8F7875A44C1F8D3A37E5 /* Roboto-Regular.ttf */; };
		35BBAA14A7D341DFAF09E6BC /* Montserrat-MediumItalic.ttf in Resources */ = {isa = PBXBuildFile; fileRef = B88893BBE93748239760E4F3 /* Montserrat-MediumItalic.ttf */; };
		3B7CCE606789444D8400CD01 /* Montserrat-Medium.ttf in Resources */ = {isa = PBXBuildFile; fileRef = 26AB458C608B4091923A6180 /* Montserrat-Medium.ttf */; };
		3BF6C8F199F745DAA7290C85 /* Montserrat-ExtraLightItalic.ttf in Resources */ = {isa = PBXBuildFile; fileRef = BECAC58E87544EFBA1315840 /* Montserrat-ExtraLightItalic.ttf */; };
		416233172E3C4A6C940258FA /* MaterialCommunityIcons.ttf in Resources */ = {isa = PBXBuildFile; fileRef = 1CEDB9187A30472CA0CAB819 /* MaterialCommunityIcons.ttf */; };
		42A53242D9214CAA9AD63D2F /* AntDesign.ttf in Resources */ = {isa = PBXBuildFile; fileRef = 63714D7A96A94CFEA08EF744 /* AntDesign.ttf */; };
		498398FB6FFE439FAC0AED65 /* Roboto-Black.ttf in Resources */ = {isa = PBXBuildFile; fileRef = F22EB2BD2AC24AF5A3B1DD1B /* Roboto-Black.ttf */; };
		603BB8FC8196420394A58842 /* Montserrat-ThinItalic.ttf in Resources */ = {isa = PBXBuildFile; fileRef = 24525454F1F84BBA9E161785 /* Montserrat-ThinItalic.ttf */; };
		6456D37F5C8F48A4831E25B1 /* Roboto-LightItalic.ttf in Resources */ = {isa = PBXBuildFile; fileRef = 889B8EEE8C504E079D38F97B /* Roboto-LightItalic.ttf */; };
		660F295AAABF478BA2160FD2 /* Octicons.ttf in Resources */ = {isa = PBXBuildFile; fileRef = D45EC443A4A04E6BAADB5F8B /* Octicons.ttf */; };
		670AD62903774614AB5566C2 /* Fontisto.ttf in Resources */ = {isa = PBXBuildFile; fileRef = B9F7A75B547749B0B894B386 /* Fontisto.ttf */; };
		67D9F3F26EF847249C463176 /* Montserrat-Thin.ttf in Resources */ = {isa = PBXBuildFile; fileRef = FC31AE3B0FFC4D2F89F10FCB /* Montserrat-Thin.ttf */; };
		6CB6E0106342402BA4B0DE0B /* Feather.ttf in Resources */ = {isa = PBXBuildFile; fileRef = 3DF95BF937AC47F2845B63AD /* Feather.ttf */; };
		70BC0B2196044710811FC4DB /* SimpleLineIcons.ttf in Resources */ = {isa = PBXBuildFile; fileRef = 2AFA025F126141BFAC934C70 /* SimpleLineIcons.ttf */; };
		70FC5C166A954A9D844E6E04 /* Ionicons.ttf in Resources */ = {isa = PBXBuildFile; fileRef = E1E520FEC20C4D1A95FF6B24 /* Ionicons.ttf */; };
		7699B88040F8A987B510C191 /* libPods-mighzal-mighzalTests.a in Frameworks */ = {isa = PBXBuildFile; fileRef = 19F6CBCC0A4E27FBF8BF4A61 /* libPods-mighzal-mighzalTests.a */; };
		785C9D26C610499C9AAB8FC9 /* Roboto-BlackItalic.ttf in Resources */ = {isa = PBXBuildFile; fileRef = 4E62DDF8960D4C789B202334 /* Roboto-BlackItalic.ttf */; };
		7A4A641D52964AA2927753B7 /* FontAwesome.ttf in Resources */ = {isa = PBXBuildFile; fileRef = FB65E7BF181E41BD9C7CDB44 /* FontAwesome.ttf */; };
		7A9FC758808A469599F66620 /* Montserrat-ExtraBold.ttf in Resources */ = {isa = PBXBuildFile; fileRef = 27FAA60C4E874257916CF04F /* Montserrat-ExtraBold.ttf */; };
		7D71248E5CF44357AEBC3FA4 /* FontAwesome6_Brands.ttf in Resources */ = {isa = PBXBuildFile; fileRef = 216BB87A523D491A9CB1A7EB /* FontAwesome6_Brands.ttf */; };
		862187D9B9A64E21A976E961 /* EvilIcons.ttf in Resources */ = {isa = PBXBuildFile; fileRef = 745D6AE043FC420AA424C254 /* EvilIcons.ttf */; };
		876CCB5D98ED48D3B92D4DEA /* Roboto-Thin.ttf in Resources */ = {isa = PBXBuildFile; fileRef = 3B831A2BF8744BB6BF4E2ED5 /* Roboto-Thin.ttf */; };
		90E67DC5FC6F4152ADD00F72 /* Montserrat-Bold.ttf in Resources */ = {isa = PBXBuildFile; fileRef = B7C75116B4094CAAB0F4E1F2 /* Montserrat-Bold.ttf */; };
		9AE183E838454EBD85C38741 /* Roboto-Medium.ttf in Resources */ = {isa = PBXBuildFile; fileRef = 0DA5559AA05541B7858F7FFF /* Roboto-Medium.ttf */; };
		9BD89BC66E93477AAAB26114 /* Montserrat-LightItalic.ttf in Resources */ = {isa = PBXBuildFile; fileRef = 3707F5C36D8C42FEB5C8B269 /* Montserrat-LightItalic.ttf */; };
		A583ACA03C6F46B6837F1CD2 /* FontAwesome5_Solid.ttf in Resources */ = {isa = PBXBuildFile; fileRef = 95983130B1714DDBB02C377E /* FontAwesome5_Solid.ttf */; };
		AE1FC7DDD738401BA61DE311 /* Entypo.ttf in Resources */ = {isa = PBXBuildFile; fileRef = AF90181EA4B04E74A13DF67B /* Entypo.ttf */; };
		B8534D341F444D67A0D779EB /* Montserrat-ExtraLight.ttf in Resources */ = {isa = PBXBuildFile; fileRef = BA54771DED534027A991A9FC /* Montserrat-ExtraLight.ttf */; };
		C43A6EE7A2BA491EA41B36FC /* MaterialIcons.ttf in Resources */ = {isa = PBXBuildFile; fileRef = 615C27B537014E948158D969 /* MaterialIcons.ttf */; };
		C62831BB29F44338B001A595 /* Roboto-Light.ttf in Resources */ = {isa = PBXBuildFile; fileRef = 5062D6BF941E47CF8F9CAB35 /* Roboto-Light.ttf */; };
		CE73CDC350824BF9A1D0A08D /* Zocial.ttf in Resources */ = {isa = PBXBuildFile; fileRef = 5C6F492029C4450C81A523F4 /* Zocial.ttf */; };
		D3AC5522C56D48A68497D230 /* Montserrat-Light.ttf in Resources */ = {isa = PBXBuildFile; fileRef = 18C46D545F4945F684CF6C1D /* Montserrat-Light.ttf */; };
		DC887DBE94FB477AA71DFBA9 /* FontAwesome6_Regular.ttf in Resources */ = {isa = PBXBuildFile; fileRef = 950F742BFB984084809723B1 /* FontAwesome6_Regular.ttf */; };
		DF204FC316C3416A98789687 /* Montserrat-Italic.ttf in Resources */ = {isa = PBXBuildFile; fileRef = 27998E883E4349DB9748279C /* Montserrat-Italic.ttf */; };
		E62B9DABC73B423BB9439D52 /* Roboto-ThinItalic.ttf in Resources */ = {isa = PBXBuildFile; fileRef = 30B780C3602C4F9D9EA29D30 /* Roboto-ThinItalic.ttf */; };
		E7FAE1B0A54D45B38077AF70 /* Montserrat-SemiBold.ttf in Resources */ = {isa = PBXBuildFile; fileRef = F556F3D1BC854441906966BC /* Montserrat-SemiBold.ttf */; };
		EC93A5D8705143618F074DF9 /* Montserrat-Regular.ttf in Resources */ = {isa = PBXBuildFile; fileRef = 8BF4450CCE6947DE9F07F54A /* Montserrat-Regular.ttf */; };
		F08660348BD34728AEBB5C24 /* Roboto-Italic.ttf in Resources */ = {isa = PBXBuildFile; fileRef = 7918309D30B24392867CF15B /* Roboto-Italic.ttf */; };
		F0EE8C310BEB45F98AA80285 /* FontAwesome6_Solid.ttf in Resources */ = {isa = PBXBuildFile; fileRef = E5B952E5D3EF4C399D94A54A /* FontAwesome6_Solid.ttf */; };
		F72FFF99068F4EC2847DFAB0 /* FontAwesome5_Regular.ttf in Resources */ = {isa = PBXBuildFile; fileRef = 48EA832A5481499E93FF6A28 /* FontAwesome5_Regular.ttf */; };
/* End PBXBuildFile section */

/* Begin PBXContainerItemProxy section */
		00E356F41AD99517003FC87E /* PBXContainerItemProxy */ = {
			isa = PBXContainerItemProxy;
			containerPortal = 83CBB9F71A601CBA00E9B192 /* Project object */;
			proxyType = 1;
			remoteGlobalIDString = 13B07F861A680F5B00A75B9A;
			remoteInfo = mighzal;
		};
/* End PBXContainerItemProxy section */

/* Begin PBXFileReference section */
		00E356EE1AD99517003FC87E /* mighzalTests.xctest */ = {isa = PBXFileReference; explicitFileType = wrapper.cfbundle; includeInIndex = 0; path = mighzalTests.xctest; sourceTree = BUILT_PRODUCTS_DIR; };
		00E356F11AD99517003FC87E /* Info.plist */ = {isa = PBXFileReference; lastKnownFileType = text.plist.xml; path = Info.plist; sourceTree = "<group>"; };
		00E356F21AD99517003FC87E /* mighzalTests.m */ = {isa = PBXFileReference; lastKnownFileType = sourcecode.c.objc; path = mighzalTests.m; sourceTree = "<group>"; };
		087E7524B1624F9D9179AC62 /* Montserrat-SemiBoldItalic.ttf */ = {isa = PBXFileReference; explicitFileType = undefined; fileEncoding = 9; includeInIndex = 0; lastKnownFileType = unknown; name = "Montserrat-SemiBoldItalic.ttf"; path = "../assets/fonts/Montserrat-SemiBoldItalic.ttf"; sourceTree = "<group>"; };
		0DA5559AA05541B7858F7FFF /* Roboto-Medium.ttf */ = {isa = PBXFileReference; explicitFileType = undefined; fileEncoding = 9; includeInIndex = 0; lastKnownFileType = unknown; name = "Roboto-Medium.ttf"; path = "../assets/fonts/Roboto-Medium.ttf"; sourceTree = "<group>"; };
		0FBDFFA430FA4F4CAC7DCB1D /* Roboto-Bold.ttf */ = {isa = PBXFileReference; explicitFileType = undefined; fileEncoding = 9; includeInIndex = 0; lastKnownFileType = unknown; name = "Roboto-Bold.ttf"; path = "../assets/fonts/Roboto-Bold.ttf"; sourceTree = "<group>"; };
		13B07F961A680F5B00A75B9A /* mighzal.app */ = {isa = PBXFileReference; explicitFileType = wrapper.application; includeInIndex = 0; path = mighzal.app; sourceTree = BUILT_PRODUCTS_DIR; };
		13B07FAF1A68108700A75B9A /* AppDelegate.h */ = {isa = PBXFileReference; fileEncoding = 4; lastKnownFileType = sourcecode.c.h; name = AppDelegate.h; path = mighzal/AppDelegate.h; sourceTree = "<group>"; };
		13B07FB01A68108700A75B9A /* AppDelegate.mm */ = {isa = PBXFileReference; fileEncoding = 4; lastKnownFileType = sourcecode.cpp.objcpp; name = AppDelegate.mm; path = mighzal/AppDelegate.mm; sourceTree = "<group>"; };
		13B07FB51A68108700A75B9A /* Images.xcassets */ = {isa = PBXFileReference; lastKnownFileType = folder.assetcatalog; name = Images.xcassets; path = mighzal/Images.xcassets; sourceTree = "<group>"; };
		13B07FB61A68108700A75B9A /* Info.plist */ = {isa = PBXFileReference; fileEncoding = 4; lastKnownFileType = text.plist.xml; name = Info.plist; path = mighzal/Info.plist; sourceTree = "<group>"; };
		13B07FB71A68108700A75B9A /* main.m */ = {isa = PBXFileReference; fileEncoding = 4; lastKnownFileType = sourcecode.c.objc; name = main.m; path = mighzal/main.m; sourceTree = "<group>"; };
		18C46D545F4945F684CF6C1D /* Montserrat-Light.ttf */ = {isa = PBXFileReference; explicitFileType = undefined; fileEncoding = 9; includeInIndex = 0; lastKnownFileType = unknown; name = "Montserrat-Light.ttf"; path = "../assets/fonts/Montserrat-Light.ttf"; sourceTree = "<group>"; };
		19F6CBCC0A4E27FBF8BF4A61 /* libPods-mighzal-mighzalTests.a */ = {isa = PBXFileReference; explicitFileType = archive.ar; includeInIndex = 0; path = "libPods-mighzal-mighzalTests.a"; sourceTree = BUILT_PRODUCTS_DIR; };
		1CEDB9187A30472CA0CAB819 /* MaterialCommunityIcons.ttf */ = {isa = PBXFileReference; explicitFileType = undefined; fileEncoding = 9; includeInIndex = 0; lastKnownFileType = unknown; name = MaterialCommunityIcons.ttf; path = ../assets/fonts/MaterialCommunityIcons.ttf; sourceTree = "<group>"; };
		216BB87A523D491A9CB1A7EB /* FontAwesome6_Brands.ttf */ = {isa = PBXFileReference; explicitFileType = undefined; fileEncoding = 9; includeInIndex = 0; lastKnownFileType = unknown; name = FontAwesome6_Brands.ttf; path = ../assets/fonts/FontAwesome6_Brands.ttf; sourceTree = "<group>"; };
		23374BB24C0E4CA2A0A185A2 /* Montserrat-Black.ttf */ = {isa = PBXFileReference; explicitFileType = undefined; fileEncoding = 9; includeInIndex = 0; lastKnownFileType = unknown; name = "Montserrat-Black.ttf"; path = "../assets/fonts/Montserrat-Black.ttf"; sourceTree = "<group>"; };
		24525454F1F84BBA9E161785 /* Montserrat-ThinItalic.ttf */ = {isa = PBXFileReference; explicitFileType = undefined; fileEncoding = 9; includeInIndex = 0; lastKnownFileType = unknown; name = "Montserrat-ThinItalic.ttf"; path = "../assets/fonts/Montserrat-ThinItalic.ttf"; sourceTree = "<group>"; };
		25F3E322831E4D78865C5557 /* Montserrat-ExtraBoldItalic.ttf */ = {isa = PBXFileReference; explicitFileType = undefined; fileEncoding = 9; includeInIndex = 0; lastKnownFileType = unknown; name = "Montserrat-ExtraBoldItalic.ttf"; path = "../assets/fonts/Montserrat-ExtraBoldItalic.ttf"; sourceTree = "<group>"; };
		26AB458C608B4091923A6180 /* Montserrat-Medium.ttf */ = {isa = PBXFileReference; explicitFileType = undefined; fileEncoding = 9; includeInIndex = 0; lastKnownFileType = unknown; name = "Montserrat-Medium.ttf"; path = "../assets/fonts/Montserrat-Medium.ttf"; sourceTree = "<group>"; };
		27998E883E4349DB9748279C /* Montserrat-Italic.ttf */ = {isa = PBXFileReference; explicitFileType = undefined; fileEncoding = 9; includeInIndex = 0; lastKnownFileType = unknown; name = "Montserrat-Italic.ttf"; path = "../assets/fonts/Montserrat-Italic.ttf"; sourceTree = "<group>"; };
		27FAA60C4E874257916CF04F /* Montserrat-ExtraBold.ttf */ = {isa = PBXFileReference; explicitFileType = undefined; fileEncoding = 9; includeInIndex = 0; lastKnownFileType = unknown; name = "Montserrat-ExtraBold.ttf"; path = "../assets/fonts/Montserrat-ExtraBold.ttf"; sourceTree = "<group>"; };
		2AFA025F126141BFAC934C70 /* SimpleLineIcons.ttf */ = {isa = PBXFileReference; explicitFileType = undefined; fileEncoding = 9; includeInIndex = 0; lastKnownFileType = unknown; name = SimpleLineIcons.ttf; path = ../assets/fonts/SimpleLineIcons.ttf; sourceTree = "<group>"; };
		30B780C3602C4F9D9EA29D30 /* Roboto-ThinItalic.ttf */ = {isa = PBXFileReference; explicitFileType = undefined; fileEncoding = 9; includeInIndex = 0; lastKnownFileType = unknown; name = "Roboto-ThinItalic.ttf"; path = "../assets/fonts/Roboto-ThinItalic.ttf"; sourceTree = "<group>"; };
		3358C68DE04E4F4497BC9230 /* Roboto-MediumItalic.ttf */ = {isa = PBXFileReference; explicitFileType = undefined; fileEncoding = 9; includeInIndex = 0; lastKnownFileType = unknown; name = "Roboto-MediumItalic.ttf"; path = "../assets/fonts/Roboto-MediumItalic.ttf"; sourceTree = "<group>"; };
		3707F5C36D8C42FEB5C8B269 /* Montserrat-LightItalic.ttf */ = {isa = PBXFileReference; explicitFileType = undefined; fileEncoding = 9; includeInIndex = 0; lastKnownFileType = unknown; name = "Montserrat-LightItalic.ttf"; path = "../assets/fonts/Montserrat-LightItalic.ttf"; sourceTree = "<group>"; };
		3B4392A12AC88292D35C810B /* Pods-mighzal.debug.xcconfig */ = {isa = PBXFileReference; includeInIndex = 1; lastKnownFileType = text.xcconfig; name = "Pods-mighzal.debug.xcconfig"; path = "Target Support Files/Pods-mighzal/Pods-mighzal.debug.xcconfig"; sourceTree = "<group>"; };
		3B831A2BF8744BB6BF4E2ED5 /* Roboto-Thin.ttf */ = {isa = PBXFileReference; explicitFileType = undefined; fileEncoding = 9; includeInIndex = 0; lastKnownFileType = unknown; name = "Roboto-Thin.ttf"; path = "../assets/fonts/Roboto-Thin.ttf"; sourceTree = "<group>"; };
		3CB381F4B3C84D31AB681264 /* Montserrat-BlackItalic.ttf */ = {isa = PBXFileReference; explicitFileType = undefined; fileEncoding = 9; includeInIndex = 0; lastKnownFileType = unknown; name = "Montserrat-BlackItalic.ttf"; path = "../assets/fonts/Montserrat-BlackItalic.ttf"; sourceTree = "<group>"; };
		3DF95BF937AC47F2845B63AD /* Feather.ttf */ = {isa = PBXFileReference; explicitFileType = undefined; fileEncoding = 9; includeInIndex = 0; lastKnownFileType = unknown; name = Feather.ttf; path = ../assets/fonts/Feather.ttf; sourceTree = "<group>"; };
		43F972424E9449EF97704DE1 /* Montserrat-BoldItalic.ttf */ = {isa = PBXFileReference; explicitFileType = undefined; fileEncoding = 9; includeInIndex = 0; lastKnownFileType = unknown; name = "Montserrat-BoldItalic.ttf"; path = "../assets/fonts/Montserrat-BoldItalic.ttf"; sourceTree = "<group>"; };
		48EA832A5481499E93FF6A28 /* FontAwesome5_Regular.ttf */ = {isa = PBXFileReference; explicitFileType = undefined; fileEncoding = 9; includeInIndex = 0; lastKnownFileType = unknown; name = FontAwesome5_Regular.ttf; path = ../assets/fonts/FontAwesome5_Regular.ttf; sourceTree = "<group>"; };
		4E62DDF8960D4C789B202334 /* Roboto-BlackItalic.ttf */ = {isa = PBXFileReference; explicitFileType = undefined; fileEncoding = 9; includeInIndex = 0; lastKnownFileType = unknown; name = "Roboto-BlackItalic.ttf"; path = "../assets/fonts/Roboto-BlackItalic.ttf"; sourceTree = "<group>"; };
		5062D6BF941E47CF8F9CAB35 /* Roboto-Light.ttf */ = {isa = PBXFileReference; explicitFileType = undefined; fileEncoding = 9; includeInIndex = 0; lastKnownFileType = unknown; name = "Roboto-Light.ttf"; path = "../assets/fonts/Roboto-Light.ttf"; sourceTree = "<group>"; };
		5709B34CF0A7D63546082F79 /* Pods-mighzal.release.xcconfig */ = {isa = PBXFileReference; includeInIndex = 1; lastKnownFileType = text.xcconfig; name = "Pods-mighzal.release.xcconfig"; path = "Target Support Files/Pods-mighzal/Pods-mighzal.release.xcconfig"; sourceTree = "<group>"; };
		5B7EB9410499542E8C5724F5 /* Pods-mighzal-mighzalTests.debug.xcconfig */ = {isa = PBXFileReference; includeInIndex = 1; lastKnownFileType = text.xcconfig; name = "Pods-mighzal-mighzalTests.debug.xcconfig"; path = "Target Support Files/Pods-mighzal-mighzalTests/Pods-mighzal-mighzalTests.debug.xcconfig"; sourceTree = "<group>"; };
		5C6F492029C4450C81A523F4 /* Zocial.ttf */ = {isa = PBXFileReference; explicitFileType = undefined; fileEncoding = 9; includeInIndex = 0; lastKnownFileType = unknown; name = Zocial.ttf; path = ../assets/fonts/Zocial.ttf; sourceTree = "<group>"; };
		5DCACB8F33CDC322A6C60F78 /* libPods-mighzal.a */ = {isa = PBXFileReference; explicitFileType = archive.ar; includeInIndex = 0; path = "libPods-mighzal.a"; sourceTree = BUILT_PRODUCTS_DIR; };
		615C27B537014E948158D969 /* MaterialIcons.ttf */ = {isa = PBXFileReference; explicitFileType = undefined; fileEncoding = 9; includeInIndex = 0; lastKnownFileType = unknown; name = MaterialIcons.ttf; path = ../assets/fonts/MaterialIcons.ttf; sourceTree = "<group>"; };
		62CB8F7875A44C1F8D3A37E5 /* Roboto-Regular.ttf */ = {isa = PBXFileReference; explicitFileType = undefined; fileEncoding = 9; includeInIndex = 0; lastKnownFileType = unknown; name = "Roboto-Regular.ttf"; path = "../assets/fonts/Roboto-Regular.ttf"; sourceTree = "<group>"; };
		63714D7A96A94CFEA08EF744 /* AntDesign.ttf */ = {isa = PBXFileReference; explicitFileType = undefined; fileEncoding = 9; includeInIndex = 0; lastKnownFileType = unknown; name = AntDesign.ttf; path = ../assets/fonts/AntDesign.ttf; sourceTree = "<group>"; };
		745D6AE043FC420AA424C254 /* EvilIcons.ttf */ = {isa = PBXFileReference; explicitFileType = undefined; fileEncoding = 9; includeInIndex = 0; lastKnownFileType = unknown; name = EvilIcons.ttf; path = ../assets/fonts/EvilIcons.ttf; sourceTree = "<group>"; };
		7918309D30B24392867CF15B /* Roboto-Italic.ttf */ = {isa = PBXFileReference; explicitFileType = undefined; fileEncoding = 9; includeInIndex = 0; lastKnownFileType = unknown; name = "Roboto-Italic.ttf"; path = "../assets/fonts/Roboto-Italic.ttf"; sourceTree = "<group>"; };
		7BA004CFA29B4A13AD56E840 /* Foundation.ttf */ = {isa = PBXFileReference; explicitFileType = undefined; fileEncoding = 9; includeInIndex = 0; lastKnownFileType = unknown; name = Foundation.ttf; path = ../assets/fonts/Foundation.ttf; sourceTree = "<group>"; };
		889B8EEE8C504E079D38F97B /* Roboto-LightItalic.ttf */ = {isa = PBXFileReference; explicitFileType = undefined; fileEncoding = 9; includeInIndex = 0; lastKnownFileType = unknown; name = "Roboto-LightItalic.ttf"; path = "../assets/fonts/Roboto-LightItalic.ttf"; sourceTree = "<group>"; };
		89C6BE57DB24E9ADA2F236DE /* Pods-mighzal-mighzalTests.release.xcconfig */ = {isa = PBXFileReference; includeInIndex = 1; lastKnownFileType = text.xcconfig; name = "Pods-mighzal-mighzalTests.release.xcconfig"; path = "Target Support Files/Pods-mighzal-mighzalTests/Pods-mighzal-mighzalTests.release.xcconfig"; sourceTree = "<group>"; };
		8BF4450CCE6947DE9F07F54A /* Montserrat-Regular.ttf */ = {isa = PBXFileReference; explicitFileType = undefined; fileEncoding = 9; includeInIndex = 0; lastKnownFileType = unknown; name = "Montserrat-Regular.ttf"; path = "../assets/fonts/Montserrat-Regular.ttf"; sourceTree = "<group>"; };
		950F742BFB984084809723B1 /* FontAwesome6_Regular.ttf */ = {isa = PBXFileReference; explicitFileType = undefined; fileEncoding = 9; includeInIndex = 0; lastKnownFileType = unknown; name = FontAwesome6_Regular.ttf; path = ../assets/fonts/FontAwesome6_Regular.ttf; sourceTree = "<group>"; };
		95983130B1714DDBB02C377E /* FontAwesome5_Solid.ttf */ = {isa = PBXFileReference; explicitFileType = undefined; fileEncoding = 9; includeInIndex = 0; lastKnownFileType = unknown; name = FontAwesome5_Solid.ttf; path = ../assets/fonts/FontAwesome5_Solid.ttf; sourceTree = "<group>"; };
		AF90181EA4B04E74A13DF67B /* Entypo.ttf */ = {isa = PBXFileReference; explicitFileType = undefined; fileEncoding = 9; includeInIndex = 0; lastKnownFileType = unknown; name = Entypo.ttf; path = ../assets/fonts/Entypo.ttf; sourceTree = "<group>"; };
		B7C75116B4094CAAB0F4E1F2 /* Montserrat-Bold.ttf */ = {isa = PBXFileReference; explicitFileType = undefined; fileEncoding = 9; includeInIndex = 0; lastKnownFileType = unknown; name = "Montserrat-Bold.ttf"; path = "../assets/fonts/Montserrat-Bold.ttf"; sourceTree = "<group>"; };
		B88893BBE93748239760E4F3 /* Montserrat-MediumItalic.ttf */ = {isa = PBXFileReference; explicitFileType = undefined; fileEncoding = 9; includeInIndex = 0; lastKnownFileType = unknown; name = "Montserrat-MediumItalic.ttf"; path = "../assets/fonts/Montserrat-MediumItalic.ttf"; sourceTree = "<group>"; };
		B9F7A75B547749B0B894B386 /* Fontisto.ttf */ = {isa = PBXFileReference; explicitFileType = undefined; fileEncoding = 9; includeInIndex = 0; lastKnownFileType = unknown; name = Fontisto.ttf; path = ../assets/fonts/Fontisto.ttf; sourceTree = "<group>"; };
		BA54771DED534027A991A9FC /* Montserrat-ExtraLight.ttf */ = {isa = PBXFileReference; explicitFileType = undefined; fileEncoding = 9; includeInIndex = 0; lastKnownFileType = unknown; name = "Montserrat-ExtraLight.ttf"; path = "../assets/fonts/Montserrat-ExtraLight.ttf"; sourceTree = "<group>"; };
		BECAC58E87544EFBA1315840 /* Montserrat-ExtraLightItalic.ttf */ = {isa = PBXFileReference; explicitFileType = undefined; fileEncoding = 9; includeInIndex = 0; lastKnownFileType = unknown; name = "Montserrat-ExtraLightItalic.ttf"; path = "../assets/fonts/Montserrat-ExtraLightItalic.ttf"; sourceTree = "<group>"; };
		D45EC443A4A04E6BAADB5F8B /* Octicons.ttf */ = {isa = PBXFileReference; explicitFileType = undefined; fileEncoding = 9; includeInIndex = 0; lastKnownFileType = unknown; name = Octicons.ttf; path = ../assets/fonts/Octicons.ttf; sourceTree = "<group>"; };
		E1E520FEC20C4D1A95FF6B24 /* Ionicons.ttf */ = {isa = PBXFileReference; explicitFileType = undefined; fileEncoding = 9; includeInIndex = 0; lastKnownFileType = unknown; name = Ionicons.ttf; path = ../assets/fonts/Ionicons.ttf; sourceTree = "<group>"; };
		E392395708B248DDA9CAB8F3 /* FontAwesome5_Brands.ttf */ = {isa = PBXFileReference; explicitFileType = undefined; fileEncoding = 9; includeInIndex = 0; lastKnownFileType = unknown; name = FontAwesome5_Brands.ttf; path = ../assets/fonts/FontAwesome5_Brands.ttf; sourceTree = "<group>"; };
		E5B952E5D3EF4C399D94A54A /* FontAwesome6_Solid.ttf */ = {isa = PBXFileReference; explicitFileType = undefined; fileEncoding = 9; includeInIndex = 0; lastKnownFileType = unknown; name = FontAwesome6_Solid.ttf; path = ../assets/fonts/FontAwesome6_Solid.ttf; sourceTree = "<group>"; };
		ED297162215061F000B7C4FE /* JavaScriptCore.framework */ = {isa = PBXFileReference; lastKnownFileType = wrapper.framework; name = JavaScriptCore.framework; path = System/Library/Frameworks/JavaScriptCore.framework; sourceTree = SDKROOT; };
		F22EB2BD2AC24AF5A3B1DD1B /* Roboto-Black.ttf */ = {isa = PBXFileReference; explicitFileType = undefined; fileEncoding = 9; includeInIndex = 0; lastKnownFileType = unknown; name = "Roboto-Black.ttf"; path = "../assets/fonts/Roboto-Black.ttf"; sourceTree = "<group>"; };
		F250F0C89AA64412B87336FC /* Roboto-BoldItalic.ttf */ = {isa = PBXFileReference; explicitFileType = undefined; fileEncoding = 9; includeInIndex = 0; lastKnownFileType = unknown; name = "Roboto-BoldItalic.ttf"; path = "../assets/fonts/Roboto-BoldItalic.ttf"; sourceTree = "<group>"; };
		F556F3D1BC854441906966BC /* Montserrat-SemiBold.ttf */ = {isa = PBXFileReference; explicitFileType = undefined; fileEncoding = 9; includeInIndex = 0; lastKnownFileType = unknown; name = "Montserrat-SemiBold.ttf"; path = "../assets/fonts/Montserrat-SemiBold.ttf"; sourceTree = "<group>"; };
		FB65E7BF181E41BD9C7CDB44 /* FontAwesome.ttf */ = {isa = PBXFileReference; explicitFileType = undefined; fileEncoding = 9; includeInIndex = 0; lastKnownFileType = unknown; name = FontAwesome.ttf; path = ../assets/fonts/FontAwesome.ttf; sourceTree = "<group>"; };
		FC31AE3B0FFC4D2F89F10FCB /* Montserrat-Thin.ttf */ = {isa = PBXFileReference; explicitFileType = undefined; fileEncoding = 9; includeInIndex = 0; lastKnownFileType = unknown; name = "Montserrat-Thin.ttf"; path = "../assets/fonts/Montserrat-Thin.ttf"; sourceTree = "<group>"; };
/* End PBXFileReference section */

/* Begin PBXFrameworksBuildPhase section */
		00E356EB1AD99517003FC87E /* Frameworks */ = {
			isa = PBXFrameworksBuildPhase;
			buildActionMask = 2147483647;
			files = (
				7699B88040F8A987B510C191 /* libPods-mighzal-mighzalTests.a in Frameworks */,
			);
			runOnlyForDeploymentPostprocessing = 0;
		};
		13B07F8C1A680F5B00A75B9A /* Frameworks */ = {
			isa = PBXFrameworksBuildPhase;
			buildActionMask = 2147483647;
			files = (
				0C80B921A6F3F58F76C31292 /* libPods-mighzal.a in Frameworks */,
			);
			runOnlyForDeploymentPostprocessing = 0;
		};
/* End PBXFrameworksBuildPhase section */

/* Begin PBXGroup section */
		00E356EF1AD99517003FC87E /* mighzalTests */ = {
			isa = PBXGroup;
			children = (
				00E356F21AD99517003FC87E /* mighzalTests.m */,
				00E356F01AD99517003FC87E /* Supporting Files */,
			);
			path = mighzalTests;
			sourceTree = "<group>";
		};
		00E356F01AD99517003FC87E /* Supporting Files */ = {
			isa = PBXGroup;
			children = (
				00E356F11AD99517003FC87E /* Info.plist */,
			);
			name = "Supporting Files";
			sourceTree = "<group>";
		};
		13B07FAE1A68108700A75B9A /* mighzal */ = {
			isa = PBXGroup;
			children = (
				13B07FAF1A68108700A75B9A /* AppDelegate.h */,
				13B07FB01A68108700A75B9A /* AppDelegate.mm */,
				13B07FB51A68108700A75B9A /* Images.xcassets */,
				13B07FB61A68108700A75B9A /* Info.plist */,
				13B07FB71A68108700A75B9A /* main.m */,
			);
			name = mighzal;
			sourceTree = "<group>";
		};
		2D16E6871FA4F8E400B85C8A /* Frameworks */ = {
			isa = PBXGroup;
			children = (
				ED297162215061F000B7C4FE /* JavaScriptCore.framework */,
				5DCACB8F33CDC322A6C60F78 /* libPods-mighzal.a */,
				19F6CBCC0A4E27FBF8BF4A61 /* libPods-mighzal-mighzalTests.a */,
			);
			name = Frameworks;
			sourceTree = "<group>";
		};
		2E89E279C1AD43F48737CD2D /* Resources */ = {
			isa = PBXGroup;
			children = (
				F22EB2BD2AC24AF5A3B1DD1B /* Roboto-Black.ttf */,
				4E62DDF8960D4C789B202334 /* Roboto-BlackItalic.ttf */,
				0FBDFFA430FA4F4CAC7DCB1D /* Roboto-Bold.ttf */,
				F250F0C89AA64412B87336FC /* Roboto-BoldItalic.ttf */,
				7918309D30B24392867CF15B /* Roboto-Italic.ttf */,
				5062D6BF941E47CF8F9CAB35 /* Roboto-Light.ttf */,
				889B8EEE8C504E079D38F97B /* Roboto-LightItalic.ttf */,
				0DA5559AA05541B7858F7FFF /* Roboto-Medium.ttf */,
				3358C68DE04E4F4497BC9230 /* Roboto-MediumItalic.ttf */,
				62CB8F7875A44C1F8D3A37E5 /* Roboto-Regular.ttf */,
				3B831A2BF8744BB6BF4E2ED5 /* Roboto-Thin.ttf */,
				30B780C3602C4F9D9EA29D30 /* Roboto-ThinItalic.ttf */,
				23374BB24C0E4CA2A0A185A2 /* Montserrat-Black.ttf */,
				3CB381F4B3C84D31AB681264 /* Montserrat-BlackItalic.ttf */,
				B7C75116B4094CAAB0F4E1F2 /* Montserrat-Bold.ttf */,
				43F972424E9449EF97704DE1 /* Montserrat-BoldItalic.ttf */,
				27FAA60C4E874257916CF04F /* Montserrat-ExtraBold.ttf */,
				25F3E322831E4D78865C5557 /* Montserrat-ExtraBoldItalic.ttf */,
				BA54771DED534027A991A9FC /* Montserrat-ExtraLight.ttf */,
				BECAC58E87544EFBA1315840 /* Montserrat-ExtraLightItalic.ttf */,
				27998E883E4349DB9748279C /* Montserrat-Italic.ttf */,
				18C46D545F4945F684CF6C1D /* Montserrat-Light.ttf */,
				3707F5C36D8C42FEB5C8B269 /* Montserrat-LightItalic.ttf */,
				26AB458C608B4091923A6180 /* Montserrat-Medium.ttf */,
				B88893BBE93748239760E4F3 /* Montserrat-MediumItalic.ttf */,
				8BF4450CCE6947DE9F07F54A /* Montserrat-Regular.ttf */,
				F556F3D1BC854441906966BC /* Montserrat-SemiBold.ttf */,
				087E7524B1624F9D9179AC62 /* Montserrat-SemiBoldItalic.ttf */,
				FC31AE3B0FFC4D2F89F10FCB /* Montserrat-Thin.ttf */,
				24525454F1F84BBA9E161785 /* Montserrat-ThinItalic.ttf */,
				63714D7A96A94CFEA08EF744 /* AntDesign.ttf */,
				AF90181EA4B04E74A13DF67B /* Entypo.ttf */,
				745D6AE043FC420AA424C254 /* EvilIcons.ttf */,
				3DF95BF937AC47F2845B63AD /* Feather.ttf */,
				FB65E7BF181E41BD9C7CDB44 /* FontAwesome.ttf */,
				E392395708B248DDA9CAB8F3 /* FontAwesome5_Brands.ttf */,
				48EA832A5481499E93FF6A28 /* FontAwesome5_Regular.ttf */,
				95983130B1714DDBB02C377E /* FontAwesome5_Solid.ttf */,
				216BB87A523D491A9CB1A7EB /* FontAwesome6_Brands.ttf */,
				950F742BFB984084809723B1 /* FontAwesome6_Regular.ttf */,
				E5B952E5D3EF4C399D94A54A /* FontAwesome6_Solid.ttf */,
				B9F7A75B547749B0B894B386 /* Fontisto.ttf */,
				7BA004CFA29B4A13AD56E840 /* Foundation.ttf */,
				E1E520FEC20C4D1A95FF6B24 /* Ionicons.ttf */,
				1CEDB9187A30472CA0CAB819 /* MaterialCommunityIcons.ttf */,
				615C27B537014E948158D969 /* MaterialIcons.ttf */,
				D45EC443A4A04E6BAADB5F8B /* Octicons.ttf */,
				2AFA025F126141BFAC934C70 /* SimpleLineIcons.ttf */,
				5C6F492029C4450C81A523F4 /* Zocial.ttf */,
			);
			name = Resources;
			sourceTree = "<group>";
		};
		832341AE1AAA6A7D00B99B32 /* Libraries */ = {
			isa = PBXGroup;
			children = (
			);
			name = Libraries;
			sourceTree = "<group>";
		};
		83CBB9F61A601CBA00E9B192 = {
			isa = PBXGroup;
			children = (
				13B07FAE1A68108700A75B9A /* mighzal */,
				832341AE1AAA6A7D00B99B32 /* Libraries */,
				00E356EF1AD99517003FC87E /* mighzalTests */,
				83CBBA001A601CBA00E9B192 /* Products */,
				2D16E6871FA4F8E400B85C8A /* Frameworks */,
				BBD78D7AC51CEA395F1C20DB /* Pods */,
				2E89E279C1AD43F48737CD2D /* Resources */,
			);
			indentWidth = 2;
			sourceTree = "<group>";
			tabWidth = 2;
			usesTabs = 0;
		};
		83CBBA001A601CBA00E9B192 /* Products */ = {
			isa = PBXGroup;
			children = (
				13B07F961A680F5B00A75B9A /* mighzal.app */,
				00E356EE1AD99517003FC87E /* mighzalTests.xctest */,
			);
			name = Products;
			sourceTree = "<group>";
		};
		BBD78D7AC51CEA395F1C20DB /* Pods */ = {
			isa = PBXGroup;
			children = (
				3B4392A12AC88292D35C810B /* Pods-mighzal.debug.xcconfig */,
				5709B34CF0A7D63546082F79 /* Pods-mighzal.release.xcconfig */,
				5B7EB9410499542E8C5724F5 /* Pods-mighzal-mighzalTests.debug.xcconfig */,
				89C6BE57DB24E9ADA2F236DE /* Pods-mighzal-mighzalTests.release.xcconfig */,
			);
			path = Pods;
			sourceTree = "<group>";
		};
/* End PBXGroup section */

/* Begin PBXNativeTarget section */
		00E356ED1AD99517003FC87E /* mighzalTests */ = {
			isa = PBXNativeTarget;
			buildConfigurationList = 00E357021AD99517003FC87E /* Build configuration list for PBXNativeTarget "mighzalTests" */;
			buildPhases = (
				A55EABD7B0C7F3A422A6CC61 /* [CP] Check Pods Manifest.lock */,
				00E356EA1AD99517003FC87E /* Sources */,
				00E356EB1AD99517003FC87E /* Frameworks */,
				00E356EC1AD99517003FC87E /* Resources */,
				C59DA0FBD6956966B86A3779 /* [CP] Embed Pods Frameworks */,
				F6A41C54EA430FDDC6A6ED99 /* [CP] Copy Pods Resources */,
			);
			buildRules = (
			);
			dependencies = (
				00E356F51AD99517003FC87E /* PBXTargetDependency */,
			);
			name = mighzalTests;
			productName = mighzalTests;
			productReference = 00E356EE1AD99517003FC87E /* mighzalTests.xctest */;
			productType = "com.apple.product-type.bundle.unit-test";
		};
		13B07F861A680F5B00A75B9A /* mighzal */ = {
			isa = PBXNativeTarget;
			buildConfigurationList = 13B07F931A680F5B00A75B9A /* Build configuration list for PBXNativeTarget "mighzal" */;
			buildPhases = (
				C38B50BA6285516D6DCD4F65 /* [CP] Check Pods Manifest.lock */,
				FD10A7F022414F080027D42C /* Start Packager */,
				13B07F871A680F5B00A75B9A /* Sources */,
				13B07F8C1A680F5B00A75B9A /* Frameworks */,
				13B07F8E1A680F5B00A75B9A /* Resources */,
				00DD1BFF1BD5951E006B06BC /* Bundle React Native code and images */,
				00EEFC60759A1932668264C0 /* [CP] Embed Pods Frameworks */,
				E235C05ADACE081382539298 /* [CP] Copy Pods Resources */,
			);
			buildRules = (
			);
			dependencies = (
			);
			name = mighzal;
			productName = mighzal;
			productReference = 13B07F961A680F5B00A75B9A /* mighzal.app */;
			productType = "com.apple.product-type.application";
		};
/* End PBXNativeTarget section */

/* Begin PBXProject section */
		83CBB9F71A601CBA00E9B192 /* Project object */ = {
			isa = PBXProject;
			attributes = {
				LastUpgradeCheck = 1210;
				TargetAttributes = {
					00E356ED1AD99517003FC87E = {
						CreatedOnToolsVersion = 6.2;
						TestTargetID = 13B07F861A680F5B00A75B9A;
					};
					13B07F861A680F5B00A75B9A = {
						LastSwiftMigration = 1120;
					};
				};
			};
			buildConfigurationList = 83CBB9FA1A601CBA00E9B192 /* Build configuration list for PBXProject "mighzal" */;
			compatibilityVersion = "Xcode 12.0";
			developmentRegion = en;
			hasScannedForEncodings = 0;
			knownRegions = (
				en,
				Base,
			);
			mainGroup = 83CBB9F61A601CBA00E9B192;
			productRefGroup = 83CBBA001A601CBA00E9B192 /* Products */;
			projectDirPath = "";
			projectRoot = "";
			targets = (
				13B07F861A680F5B00A75B9A /* mighzal */,
				00E356ED1AD99517003FC87E /* mighzalTests */,
			);
		};
/* End PBXProject section */

/* Begin PBXResourcesBuildPhase section */
		00E356EC1AD99517003FC87E /* Resources */ = {
			isa = PBXResourcesBuildPhase;
			buildActionMask = 2147483647;
			files = (
			);
			runOnlyForDeploymentPostprocessing = 0;
		};
		13B07F8E1A680F5B00A75B9A /* Resources */ = {
			isa = PBXResourcesBuildPhase;
			buildActionMask = 2147483647;
			files = (
				13B07FBF1A68108700A75B9A /* Images.xcassets in Resources */,
				498398FB6FFE439FAC0AED65 /* Roboto-Black.ttf in Resources */,
				785C9D26C610499C9AAB8FC9 /* Roboto-BlackItalic.ttf in Resources */,
				31148886545B42C39B029D3B /* Roboto-Bold.ttf in Resources */,
				01236074BC70486FB4B1C46F /* Roboto-BoldItalic.ttf in Resources */,
				F08660348BD34728AEBB5C24 /* Roboto-Italic.ttf in Resources */,
				C62831BB29F44338B001A595 /* Roboto-Light.ttf in Resources */,
				6456D37F5C8F48A4831E25B1 /* Roboto-LightItalic.ttf in Resources */,
				9AE183E838454EBD85C38741 /* Roboto-Medium.ttf in Resources */,
				1FCACE53F8C741D3A2C24554 /* Roboto-MediumItalic.ttf in Resources */,
				3546604E48D248249BA7CA85 /* Roboto-Regular.ttf in Resources */,
				876CCB5D98ED48D3B92D4DEA /* Roboto-Thin.ttf in Resources */,
				E62B9DABC73B423BB9439D52 /* Roboto-ThinItalic.ttf in Resources */,
				1124997402EC4876B80BE8ED /* Montserrat-Black.ttf in Resources */,
				0DD4139EDB0D47E99143B3FD /* Montserrat-BlackItalic.ttf in Resources */,
				90E67DC5FC6F4152ADD00F72 /* Montserrat-Bold.ttf in Resources */,
				1764078ED5EB4400A1E85A4D /* Montserrat-BoldItalic.ttf in Resources */,
				7A9FC758808A469599F66620 /* Montserrat-ExtraBold.ttf in Resources */,
				2AD8A6E690EE48DC9EEB53E3 /* Montserrat-ExtraBoldItalic.ttf in Resources */,
				B8534D341F444D67A0D779EB /* Montserrat-ExtraLight.ttf in Resources */,
				3BF6C8F199F745DAA7290C85 /* Montserrat-ExtraLightItalic.ttf in Resources */,
				DF204FC316C3416A98789687 /* Montserrat-Italic.ttf in Resources */,
				D3AC5522C56D48A68497D230 /* Montserrat-Light.ttf in Resources */,
				9BD89BC66E93477AAAB26114 /* Montserrat-LightItalic.ttf in Resources */,
				3B7CCE606789444D8400CD01 /* Montserrat-Medium.ttf in Resources */,
				35BBAA14A7D341DFAF09E6BC /* Montserrat-MediumItalic.ttf in Resources */,
				EC93A5D8705143618F074DF9 /* Montserrat-Regular.ttf in Resources */,
				E7FAE1B0A54D45B38077AF70 /* Montserrat-SemiBold.ttf in Resources */,
				232B227C50294E8C96933F1A /* Montserrat-SemiBoldItalic.ttf in Resources */,
				67D9F3F26EF847249C463176 /* Montserrat-Thin.ttf in Resources */,
				603BB8FC8196420394A58842 /* Montserrat-ThinItalic.ttf in Resources */,
				42A53242D9214CAA9AD63D2F /* AntDesign.ttf in Resources */,
				AE1FC7DDD738401BA61DE311 /* Entypo.ttf in Resources */,
				862187D9B9A64E21A976E961 /* EvilIcons.ttf in Resources */,
				6CB6E0106342402BA4B0DE0B /* Feather.ttf in Resources */,
				7A4A641D52964AA2927753B7 /* FontAwesome.ttf in Resources */,
				25D83181EF3A49ED997027DF /* FontAwesome5_Brands.ttf in Resources */,
				F72FFF99068F4EC2847DFAB0 /* FontAwesome5_Regular.ttf in Resources */,
				A583ACA03C6F46B6837F1CD2 /* FontAwesome5_Solid.ttf in Resources */,
				7D71248E5CF44357AEBC3FA4 /* FontAwesome6_Brands.ttf in Resources */,
				DC887DBE94FB477AA71DFBA9 /* FontAwesome6_Regular.ttf in Resources */,
				F0EE8C310BEB45F98AA80285 /* FontAwesome6_Solid.ttf in Resources */,
				670AD62903774614AB5566C2 /* Fontisto.ttf in Resources */,
				2809642C2F0240228568C6BB /* Foundation.ttf in Resources */,
				70FC5C166A954A9D844E6E04 /* Ionicons.ttf in Resources */,
				416233172E3C4A6C940258FA /* MaterialCommunityIcons.ttf in Resources */,
				C43A6EE7A2BA491EA41B36FC /* MaterialIcons.ttf in Resources */,
				660F295AAABF478BA2160FD2 /* Octicons.ttf in Resources */,
				70BC0B2196044710811FC4DB /* SimpleLineIcons.ttf in Resources */,
				CE73CDC350824BF9A1D0A08D /* Zocial.ttf in Resources */,
			);
			runOnlyForDeploymentPostprocessing = 0;
		};
/* End PBXResourcesBuildPhase section */

/* Begin PBXShellScriptBuildPhase section */
		00DD1BFF1BD5951E006B06BC /* Bundle React Native code and images */ = {
			isa = PBXShellScriptBuildPhase;
			buildActionMask = 2147483647;
			files = (
			);
			inputPaths = (
				"$(SRCROOT)/.xcode.env.local",
				"$(SRCROOT)/.xcode.env",
			);
			name = "Bundle React Native code and images";
			outputPaths = (
			);
			runOnlyForDeploymentPostprocessing = 0;
			shellPath = /bin/sh;
			shellScript = "set -e\n\nWITH_ENVIRONMENT=\"../node_modules/react-native/scripts/xcode/with-environment.sh\"\nREACT_NATIVE_XCODE=\"../node_modules/react-native/scripts/react-native-xcode.sh\"\n\n/bin/sh -c \"$WITH_ENVIRONMENT $REACT_NATIVE_XCODE\"\n";
		};
		00EEFC60759A1932668264C0 /* [CP] Embed Pods Frameworks */ = {
			isa = PBXShellScriptBuildPhase;
			buildActionMask = 2147483647;
			files = (
			);
			inputFileListPaths = (
				"${PODS_ROOT}/Target Support Files/Pods-mighzal/Pods-mighzal-frameworks-${CONFIGURATION}-input-files.xcfilelist",
			);
			name = "[CP] Embed Pods Frameworks";
			outputFileListPaths = (
				"${PODS_ROOT}/Target Support Files/Pods-mighzal/Pods-mighzal-frameworks-${CONFIGURATION}-output-files.xcfilelist",
			);
			runOnlyForDeploymentPostprocessing = 0;
			shellPath = /bin/sh;
			shellScript = "\"${PODS_ROOT}/Target Support Files/Pods-mighzal/Pods-mighzal-frameworks.sh\"\n";
			showEnvVarsInLog = 0;
		};
		A55EABD7B0C7F3A422A6CC61 /* [CP] Check Pods Manifest.lock */ = {
			isa = PBXShellScriptBuildPhase;
			buildActionMask = 2147483647;
			files = (
			);
			inputFileListPaths = (
			);
			inputPaths = (
				"${PODS_PODFILE_DIR_PATH}/Podfile.lock",
				"${PODS_ROOT}/Manifest.lock",
			);
			name = "[CP] Check Pods Manifest.lock";
			outputFileListPaths = (
			);
			outputPaths = (
				"$(DERIVED_FILE_DIR)/Pods-mighzal-mighzalTests-checkManifestLockResult.txt",
			);
			runOnlyForDeploymentPostprocessing = 0;
			shellPath = /bin/sh;
			shellScript = "diff \"${PODS_PODFILE_DIR_PATH}/Podfile.lock\" \"${PODS_ROOT}/Manifest.lock\" > /dev/null\nif [ $? != 0 ] ; then\n    # print error to STDERR\n    echo \"error: The sandbox is not in sync with the Podfile.lock. Run 'pod install' or update your CocoaPods installation.\" >&2\n    exit 1\nfi\n# This output is used by Xcode 'outputs' to avoid re-running this script phase.\necho \"SUCCESS\" > \"${SCRIPT_OUTPUT_FILE_0}\"\n";
			showEnvVarsInLog = 0;
		};
		C38B50BA6285516D6DCD4F65 /* [CP] Check Pods Manifest.lock */ = {
			isa = PBXShellScriptBuildPhase;
			buildActionMask = 2147483647;
			files = (
			);
			inputFileListPaths = (
			);
			inputPaths = (
				"${PODS_PODFILE_DIR_PATH}/Podfile.lock",
				"${PODS_ROOT}/Manifest.lock",
			);
			name = "[CP] Check Pods Manifest.lock";
			outputFileListPaths = (
			);
			outputPaths = (
				"$(DERIVED_FILE_DIR)/Pods-mighzal-checkManifestLockResult.txt",
			);
			runOnlyForDeploymentPostprocessing = 0;
			shellPath = /bin/sh;
			shellScript = "diff \"${PODS_PODFILE_DIR_PATH}/Podfile.lock\" \"${PODS_ROOT}/Manifest.lock\" > /dev/null\nif [ $? != 0 ] ; then\n    # print error to STDERR\n    echo \"error: The sandbox is not in sync with the Podfile.lock. Run 'pod install' or update your CocoaPods installation.\" >&2\n    exit 1\nfi\n# This output is used by Xcode 'outputs' to avoid re-running this script phase.\necho \"SUCCESS\" > \"${SCRIPT_OUTPUT_FILE_0}\"\n";
			showEnvVarsInLog = 0;
		};
		C59DA0FBD6956966B86A3779 /* [CP] Embed Pods Frameworks */ = {
			isa = PBXShellScriptBuildPhase;
			buildActionMask = 2147483647;
			files = (
			);
			inputFileListPaths = (
				"${PODS_ROOT}/Target Support Files/Pods-mighzal-mighzalTests/Pods-mighzal-mighzalTests-frameworks-${CONFIGURATION}-input-files.xcfilelist",
			);
			name = "[CP] Embed Pods Frameworks";
			outputFileListPaths = (
				"${PODS_ROOT}/Target Support Files/Pods-mighzal-mighzalTests/Pods-mighzal-mighzalTests-frameworks-${CONFIGURATION}-output-files.xcfilelist",
			);
			runOnlyForDeploymentPostprocessing = 0;
			shellPath = /bin/sh;
			shellScript = "\"${PODS_ROOT}/Target Support Files/Pods-mighzal-mighzalTests/Pods-mighzal-mighzalTests-frameworks.sh\"\n";
			showEnvVarsInLog = 0;
		};
		E235C05ADACE081382539298 /* [CP] Copy Pods Resources */ = {
			isa = PBXShellScriptBuildPhase;
			buildActionMask = 2147483647;
			files = (
			);
			inputFileListPaths = (
			);
			name = "[CP] Copy Pods Resources";
			outputFileListPaths = (
			);
			runOnlyForDeploymentPostprocessing = 0;
			shellPath = /bin/sh;
			shellScript = "\"${PODS_ROOT}/Target Support Files/Pods-mighzal/Pods-mighzal-resources.sh\"\n";
			showEnvVarsInLog = 0;
		};
		F6A41C54EA430FDDC6A6ED99 /* [CP] Copy Pods Resources */ = {
			isa = PBXShellScriptBuildPhase;
			buildActionMask = 2147483647;
			files = (
			);
			inputFileListPaths = (
				"${PODS_ROOT}/Target Support Files/Pods-mighzal-mighzalTests/Pods-mighzal-mighzalTests-resources-${CONFIGURATION}-input-files.xcfilelist",
			);
			name = "[CP] Copy Pods Resources";
			outputFileListPaths = (
				"${PODS_ROOT}/Target Support Files/Pods-mighzal-mighzalTests/Pods-mighzal-mighzalTests-resources-${CONFIGURATION}-output-files.xcfilelist",
			);
			runOnlyForDeploymentPostprocessing = 0;
			shellPath = /bin/sh;
			shellScript = "\"${PODS_ROOT}/Target Support Files/Pods-mighzal-mighzalTests/Pods-mighzal-mighzalTests-resources.sh\"\n";
			showEnvVarsInLog = 0;
		};
		FD10A7F022414F080027D42C /* Start Packager */ = {
			isa = PBXShellScriptBuildPhase;
			buildActionMask = 2147483647;
			files = (
			);
			inputFileListPaths = (
			);
			inputPaths = (
			);
			name = "Start Packager";
			outputFileListPaths = (
			);
			outputPaths = (
			);
			runOnlyForDeploymentPostprocessing = 0;
			shellPath = /bin/sh;
			shellScript = "export RCT_METRO_PORT=\"${RCT_METRO_PORT:=8081}\"\necho \"export RCT_METRO_PORT=${RCT_METRO_PORT}\" > \"${SRCROOT}/../node_modules/react-native/scripts/.packager.env\"\nif [ -z \"${RCT_NO_LAUNCH_PACKAGER+xxx}\" ] ; then\n  if nc -w 5 -z localhost ${RCT_METRO_PORT} ; then\n    if ! curl -s \"http://localhost:${RCT_METRO_PORT}/status\" | grep -q \"packager-status:running\" ; then\n      echo \"Port ${RCT_METRO_PORT} already in use, packager is either not running or not running correctly\"\n      exit 2\n    fi\n  else\n    open \"$SRCROOT/../node_modules/react-native/scripts/launchPackager.command\" || echo \"Can't start packager automatically\"\n  fi\nfi\n";
			showEnvVarsInLog = 0;
		};
/* End PBXShellScriptBuildPhase section */

/* Begin PBXSourcesBuildPhase section */
		00E356EA1AD99517003FC87E /* Sources */ = {
			isa = PBXSourcesBuildPhase;
			buildActionMask = 2147483647;
			files = (
				00E356F31AD99517003FC87E /* mighzalTests.m in Sources */,
			);
			runOnlyForDeploymentPostprocessing = 0;
		};
		13B07F871A680F5B00A75B9A /* Sources */ = {
			isa = PBXSourcesBuildPhase;
			buildActionMask = 2147483647;
			files = (
				13B07FBC1A68108700A75B9A /* AppDelegate.mm in Sources */,
				13B07FC11A68108700A75B9A /* main.m in Sources */,
			);
			runOnlyForDeploymentPostprocessing = 0;
		};
/* End PBXSourcesBuildPhase section */

/* Begin PBXTargetDependency section */
		00E356F51AD99517003FC87E /* PBXTargetDependency */ = {
			isa = PBXTargetDependency;
			target = 13B07F861A680F5B00A75B9A /* mighzal */;
			targetProxy = 00E356F41AD99517003FC87E /* PBXContainerItemProxy */;
		};
/* End PBXTargetDependency section */

/* Begin XCBuildConfiguration section */
		00E356F61AD99517003FC87E /* Debug */ = {
			isa = XCBuildConfiguration;
			baseConfigurationReference = 5B7EB9410499542E8C5724F5 /* Pods-mighzal-mighzalTests.debug.xcconfig */;
			buildSettings = {
				BUNDLE_LOADER = "$(TEST_HOST)";
				GCC_PREPROCESSOR_DEFINITIONS = (
					"DEBUG=1",
					"$(inherited)",
				);
				INFOPLIST_FILE = mighzalTests/Info.plist;
				IPHONEOS_DEPLOYMENT_TARGET = 12.4;
				LD_RUNPATH_SEARCH_PATHS = (
					"$(inherited)",
					"@executable_path/Frameworks",
					"@loader_path/Frameworks",
				);
				OTHER_LDFLAGS = (
					"-ObjC",
					"-lc++",
					"$(inherited)",
				);
				PRODUCT_BUNDLE_IDENTIFIER = com.mighzalalarab.wpEcommerce;
				PRODUCT_NAME = "$(TARGET_NAME)";
				TEST_HOST = "$(BUILT_PRODUCTS_DIR)/mighzal.app/mighzal";
			};
			name = Debug;
		};
		00E356F71AD99517003FC87E /* Release */ = {
			isa = XCBuildConfiguration;
			baseConfigurationReference = 89C6BE57DB24E9ADA2F236DE /* Pods-mighzal-mighzalTests.release.xcconfig */;
			buildSettings = {
				BUNDLE_LOADER = "$(TEST_HOST)";
				COPY_PHASE_STRIP = NO;
				INFOPLIST_FILE = mighzalTests/Info.plist;
				IPHONEOS_DEPLOYMENT_TARGET = 12.4;
				LD_RUNPATH_SEARCH_PATHS = (
					"$(inherited)",
					"@executable_path/Frameworks",
					"@loader_path/Frameworks",
				);
				OTHER_LDFLAGS = (
					"-ObjC",
					"-lc++",
					"$(inherited)",
				);
				PRODUCT_BUNDLE_IDENTIFIER = com.mighzalalarab.wpEcommerce;
				PRODUCT_NAME = "$(TARGET_NAME)";
				TEST_HOST = "$(BUILT_PRODUCTS_DIR)/mighzal.app/mighzal";
			};
			name = Release;
		};
		13B07F941A680F5B00A75B9A /* Debug */ = {
			isa = XCBuildConfiguration;
			baseConfigurationReference = 3B4392A12AC88292D35C810B /* Pods-mighzal.debug.xcconfig */;
			buildSettings = {
				ASSETCATALOG_COMPILER_APPICON_NAME = AppIcon;
				ASSETCATALOG_COMPILER_INCLUDE_ALL_APPICON_ASSETS = YES;
				CLANG_ENABLE_MODULES = YES;
				CODE_SIGN_IDENTITY = "Apple Development";
				CODE_SIGN_STYLE = Automatic;
				CURRENT_PROJECT_VERSION = 1;
				DEVELOPMENT_TEAM = 4U2DBRJ8U8;
				ENABLE_BITCODE = NO;
				INFOPLIST_FILE = mighzal/Info.plist;
				INFOPLIST_KEY_CFBundleDisplayName = Mighzal;
				LD_RUNPATH_SEARCH_PATHS = (
					"$(inherited)",
					"@executable_path/Frameworks",
				);
				MARKETING_VERSION = 1.0.1;
				OTHER_LDFLAGS = (
					"$(inherited)",
					"-ObjC",
					"-lc++",
				);
				PRODUCT_BUNDLE_IDENTIFIER = com.mighzalalarab.wpEcommerce;
				PRODUCT_NAME = mighzal;
				PROVISIONING_PROFILE_SPECIFIER = "";
				SWIFT_OPTIMIZATION_LEVEL = "-Onone";
				SWIFT_VERSION = 5.0;
				VERSIONING_SYSTEM = "apple-generic";
			};
			name = Debug;
		};
		13B07F951A680F5B00A75B9A /* Release */ = {
			isa = XCBuildConfiguration;
			baseConfigurationReference = 5709B34CF0A7D63546082F79 /* Pods-mighzal.release.xcconfig */;
			buildSettings = {
				ASSETCATALOG_COMPILER_APPICON_NAME = AppIcon;
				ASSETCATALOG_COMPILER_INCLUDE_ALL_APPICON_ASSETS = YES;
				CLANG_ENABLE_MODULES = YES;
				CODE_SIGN_IDENTITY = "Apple Development";
				CODE_SIGN_STYLE = Automatic;
				CURRENT_PROJECT_VERSION = 1;
				DEVELOPMENT_TEAM = 4U2DBRJ8U8;
				INFOPLIST_FILE = mighzal/Info.plist;
				INFOPLIST_KEY_CFBundleDisplayName = Mighzal;
				LD_RUNPATH_SEARCH_PATHS = (
					"$(inherited)",
					"@executable_path/Frameworks",
				);
				MARKETING_VERSION = 1.0.1;
				OTHER_LDFLAGS = (
					"$(inherited)",
					"-ObjC",
					"-lc++",
				);
				PRODUCT_BUNDLE_IDENTIFIER = com.mighzalalarab.wpEcommerce;
				PRODUCT_NAME = mighzal;
				PROVISIONING_PROFILE_SPECIFIER = "";
				SWIFT_VERSION = 5.0;
				VERSIONING_SYSTEM = "apple-generic";
			};
			name = Release;
		};
		83CBBA201A601CBA00E9B192 /* Debug */ = {
			isa = XCBuildConfiguration;
			buildSettings = {
				ALWAYS_SEARCH_USER_PATHS = NO;
				CLANG_ANALYZER_LOCALIZABILITY_NONLOCALIZED = YES;
				CLANG_CXX_LANGUAGE_STANDARD = "c++17";
				CLANG_CXX_LIBRARY = "libc++";
				CLANG_ENABLE_MODULES = YES;
				CLANG_ENABLE_OBJC_ARC = YES;
				CLANG_WARN_BLOCK_CAPTURE_AUTORELEASING = YES;
				CLANG_WARN_BOOL_CONVERSION = YES;
				CLANG_WARN_COMMA = YES;
				CLANG_WARN_CONSTANT_CONVERSION = YES;
				CLANG_WARN_DEPRECATED_OBJC_IMPLEMENTATIONS = YES;
				CLANG_WARN_DIRECT_OBJC_ISA_USAGE = YES_ERROR;
				CLANG_WARN_EMPTY_BODY = YES;
				CLANG_WARN_ENUM_CONVERSION = YES;
				CLANG_WARN_INFINITE_RECURSION = YES;
				CLANG_WARN_INT_CONVERSION = YES;
				CLANG_WARN_NON_LITERAL_NULL_CONVERSION = YES;
				CLANG_WARN_OBJC_IMPLICIT_RETAIN_SELF = YES;
				CLANG_WARN_OBJC_LITERAL_CONVERSION = YES;
				CLANG_WARN_OBJC_ROOT_CLASS = YES_ERROR;
				CLANG_WARN_QUOTED_INCLUDE_IN_FRAMEWORK_HEADER = YES;
				CLANG_WARN_RANGE_LOOP_ANALYSIS = YES;
				CLANG_WARN_STRICT_PROTOTYPES = YES;
				CLANG_WARN_SUSPICIOUS_MOVE = YES;
				CLANG_WARN_UNREACHABLE_CODE = YES;
				CLANG_WARN__DUPLICATE_METHOD_MATCH = YES;
				"CODE_SIGN_IDENTITY[sdk=iphoneos*]" = "iPhone Developer";
				COPY_PHASE_STRIP = NO;
				ENABLE_STRICT_OBJC_MSGSEND = YES;
				ENABLE_TESTABILITY = YES;
				"EXCLUDED_ARCHS[sdk=iphonesimulator*]" = i386;
				GCC_C_LANGUAGE_STANDARD = gnu99;
				GCC_DYNAMIC_NO_PIC = NO;
				GCC_NO_COMMON_BLOCKS = YES;
				GCC_OPTIMIZATION_LEVEL = 0;
				GCC_PREPROCESSOR_DEFINITIONS = (
					"DEBUG=1",
					"$(inherited)",
				);
				GCC_SYMBOLS_PRIVATE_EXTERN = NO;
				GCC_WARN_64_TO_32_BIT_CONVERSION = YES;
				GCC_WARN_ABOUT_RETURN_TYPE = YES_ERROR;
				GCC_WARN_UNDECLARED_SELECTOR = YES;
				GCC_WARN_UNINITIALIZED_AUTOS = YES_AGGRESSIVE;
				GCC_WARN_UNUSED_FUNCTION = YES;
				GCC_WARN_UNUSED_VARIABLE = YES;
				IPHONEOS_DEPLOYMENT_TARGET = 12.0;
				LD_RUNPATH_SEARCH_PATHS = (
					/usr/lib/swift,
					"$(inherited)",
				);
				LIBRARY_SEARCH_PATHS = (
					"\"$(SDKROOT)/usr/lib/swift\"",
					"\"$(TOOLCHAIN_DIR)/usr/lib/swift/$(PLATFORM_NAME)\"",
					"\"$(inherited)\"",
				);
				MTL_ENABLE_DEBUG_INFO = YES;
				ONLY_ACTIVE_ARCH = YES;
				OTHER_CPLUSPLUSFLAGS = (
					"$(OTHER_CFLAGS)",
					"-DFOLLY_NO_CONFIG",
					"-DFOLLY_MOBILE=1",
					"-DFOLLY_USE_LIBCPP=1",
				);
				REACT_NATIVE_PATH = "${PODS_ROOT}/../../node_modules/react-native";
				SDKROOT = iphoneos;
			};
			name = Debug;
		};
		83CBBA211A601CBA00E9B192 /* Release */ = {
			isa = XCBuildConfiguration;
			buildSettings = {
				ALWAYS_SEARCH_USER_PATHS = NO;
				CLANG_ANALYZER_LOCALIZABILITY_NONLOCALIZED = YES;
				CLANG_CXX_LANGUAGE_STANDARD = "c++17";
				CLANG_CXX_LIBRARY = "libc++";
				CLANG_ENABLE_MODULES = YES;
				CLANG_ENABLE_OBJC_ARC = YES;
				CLANG_WARN_BLOCK_CAPTURE_AUTORELEASING = YES;
				CLANG_WARN_BOOL_CONVERSION = YES;
				CLANG_WARN_COMMA = YES;
				CLANG_WARN_CONSTANT_CONVERSION = YES;
				CLANG_WARN_DEPRECATED_OBJC_IMPLEMENTATIONS = YES;
				CLANG_WARN_DIRECT_OBJC_ISA_USAGE = YES_ERROR;
				CLANG_WARN_EMPTY_BODY = YES;
				CLANG_WARN_ENUM_CONVERSION = YES;
				CLANG_WARN_INFINITE_RECURSION = YES;
				CLANG_WARN_INT_CONVERSION = YES;
				CLANG_WARN_NON_LITERAL_NULL_CONVERSION = YES;
				CLANG_WARN_OBJC_IMPLICIT_RETAIN_SELF = YES;
				CLANG_WARN_OBJC_LITERAL_CONVERSION = YES;
				CLANG_WARN_OBJC_ROOT_CLASS = YES_ERROR;
				CLANG_WARN_QUOTED_INCLUDE_IN_FRAMEWORK_HEADER = YES;
				CLANG_WARN_RANGE_LOOP_ANALYSIS = YES;
				CLANG_WARN_STRICT_PROTOTYPES = YES;
				CLANG_WARN_SUSPICIOUS_MOVE = YES;
				CLANG_WARN_UNREACHABLE_CODE = YES;
				CLANG_WARN__DUPLICATE_METHOD_MATCH = YES;
				"CODE_SIGN_IDENTITY[sdk=iphoneos*]" = "iPhone Developer";
				COPY_PHASE_STRIP = YES;
				ENABLE_NS_ASSERTIONS = NO;
				ENABLE_STRICT_OBJC_MSGSEND = YES;
				"EXCLUDED_ARCHS[sdk=iphonesimulator*]" = i386;
				GCC_C_LANGUAGE_STANDARD = gnu99;
				GCC_NO_COMMON_BLOCKS = YES;
				GCC_WARN_64_TO_32_BIT_CONVERSION = YES;
				GCC_WARN_ABOUT_RETURN_TYPE = YES_ERROR;
				GCC_WARN_UNDECLARED_SELECTOR = YES;
				GCC_WARN_UNINITIALIZED_AUTOS = YES_AGGRESSIVE;
				GCC_WARN_UNUSED_FUNCTION = YES;
				GCC_WARN_UNUSED_VARIABLE = YES;
				IPHONEOS_DEPLOYMENT_TARGET = 12.0;
				LD_RUNPATH_SEARCH_PATHS = (
					/usr/lib/swift,
					"$(inherited)",
				);
				LIBRARY_SEARCH_PATHS = (
					"\"$(SDKROOT)/usr/lib/swift\"",
					"\"$(TOOLCHAIN_DIR)/usr/lib/swift/$(PLATFORM_NAME)\"",
					"\"$(inherited)\"",
				);
				MTL_ENABLE_DEBUG_INFO = NO;
				OTHER_CPLUSPLUSFLAGS = (
					"$(OTHER_CFLAGS)",
					"-DFOLLY_NO_CONFIG",
					"-DFOLLY_MOBILE=1",
					"-DFOLLY_USE_LIBCPP=1",
				);
				REACT_NATIVE_PATH = "${PODS_ROOT}/../../node_modules/react-native";
				SDKROOT = iphoneos;
				VALIDATE_PRODUCT = YES;
			};
			name = Release;
		};
/* End XCBuildConfiguration section */

/* Begin XCConfigurationList section */
		00E357021AD99517003FC87E /* Build configuration list for PBXNativeTarget "mighzalTests" */ = {
			isa = XCConfigurationList;
			buildConfigurations = (
				00E356F61AD99517003FC87E /* Debug */,
				00E356F71AD99517003FC87E /* Release */,
			);
			defaultConfigurationIsVisible = 0;
			defaultConfigurationName = Release;
		};
		13B07F931A680F5B00A75B9A /* Build configuration list for PBXNativeTarget "mighzal" */ = {
			isa = XCConfigurationList;
			buildConfigurations = (
				13B07F941A680F5B00A75B9A /* Debug */,
				13B07F951A680F5B00A75B9A /* Release */,
			);
			defaultConfigurationIsVisible = 0;
			defaultConfigurationName = Release;
		};
		83CBB9FA1A601CBA00E9B192 /* Build configuration list for PBXProject "mighzal" */ = {
			isa = XCConfigurationList;
			buildConfigurations = (
				83CBBA201A601CBA00E9B192 /* Debug */,
				83CBBA211A601CBA00E9B192 /* Release */,
			);
			defaultConfigurationIsVisible = 0;
			defaultConfigurationName = Release;
		};
/* End XCConfigurationList section */
	};
	rootObject = 83CBB9F71A601CBA00E9B192 /* Project object */;
}
